
Microsoft Visual Studio Solution File, Format Version 12.00
# Blend for Visual Studio 15
VisualStudioVersion = 15.0.26730.8
MinimumVisualStudioVersion = 10.0.40219.1
Project("{FAE04EC0-301F-11D3-BF4B-00C04F79EFBC}") = "SummonersWarRuneScore", "SummonersWarRuneScore\SummonersWarRuneScore.csproj", "{6A365423-297D-4294-AA42-C33C6AA3A862}"
EndProject
Global
	GlobalSection(SolutionConfigurationPlatforms) = preSolution
		Debug|Any CPU = Debug|Any CPU
		Debug|x64 = Debug|x64
		Debug|x86 = Debug|x86
		Release|Any CPU = Release|Any CPU
		Release|x64 = Release|x64
		Release|x86 = Release|x86
	EndGlobalSection
	GlobalSection(ProjectConfigurationPlatforms) = postSolution
		{6A365423-297D-4294-AA42-C33C6AA3A862}.Debug|Any CPU.ActiveCfg = Debug|Any CPU
		{6A365423-297D-4294-AA42-C33C6AA3A862}.Debug|Any CPU.Build.0 = Debug|Any CPU
		{6A365423-297D-4294-AA42-C33C6AA3A862}.Debug|x64.ActiveCfg = Debug|x64
		{6A365423-297D-4294-AA42-C33C6AA3A862}.Debug|x64.Build.0 = Debug|x64
		{6A365423-297D-4294-AA42-C33C6AA3A862}.Debug|x86.ActiveCfg = Debug|x86
		{6A365423-297D-4294-AA42-C33C6AA3A862}.Debug|x86.Build.0 = Debug|x86
		{6A365423-297D-4294-AA42-C33C6AA3A862}.Release|Any CPU.ActiveCfg = Release|Any CPU
		{6A365423-297D-4294-AA42-C33C6AA3A862}.Release|Any CPU.Build.0 = Release|Any CPU
		{6A365423-297D-4294-AA42-C33C6AA3A862}.Release|x64.ActiveCfg = Release|x64
		{6A365423-297D-4294-AA42-C33C6AA3A862}.Release|x64.Build.0 = Release|x64
		{6A365423-297D-4294-AA42-C33C6AA3A862}.Release|x86.ActiveCfg = Release|x86
		{6A365423-297D-4294-AA42-C33C6AA3A862}.Release|x86.Build.0 = Release|x86
	EndGlobalSection
	GlobalSection(SolutionProperties) = preSolution
		HideSolutionNode = FALSE
	EndGlobalSection
	GlobalSection(ExtensibilityGlobals) = postSolution
		SolutionGuid = {81B5AC85-96E4-40B9-9873-0E5014B52F5C}
	EndGlobalSection
EndGlobal
